
Microsoft Visual Studio Solution File, Format Version 12.00
# Visual Studio Version 17
VisualStudioVersion = 17.5.2.0
MinimumVisualStudioVersion = 10.0.40219.1
Project("{FAE04EC0-301F-11D3-BF4B-00C04F79EFBC}") = "Managers", "Managers\Managers.csproj", "{32D36160-5380-4647-8255-F95271E759A3}"
EndProject
Project("{FAE04EC0-301F-11D3-BF4B-00C04F79EFBC}") = "Models", "Models\Models.csproj", "{6059FC04-FCD5-4F24-8B4B-21010790F283}"
EndProject
Project("{FAE04EC0-301F-11D3-BF4B-00C04F79EFBC}") = "Infrastructure", "Infrastructure\Infrastructure.csproj", "{B1F302A0-54C9-4B5D-9E18-1B8C1822DF93}"
EndProject
Project("{FAE04EC0-301F-11D3-BF4B-00C04F79EFBC}") = "API", "API\API.csproj", "{07737178-C3D3-4689-A9B7-616FD76A639B}"
EndProject
Project("{FAE04EC0-301F-11D3-BF4B-00C04F79EFBC}") = "ViewModels", "ViewModels\ViewModels.csproj", "{B2D1EACB-F98B-4FF9-9BAD-575498072B91}"
EndProject
Global
	GlobalSection(SolutionConfigurationPlatforms) = preSolution
		Debug|Any CPU = Debug|Any CPU
		Debug|x64 = Debug|x64
		Debug|x86 = Debug|x86
		Release|Any CPU = Release|Any CPU
		Release|x64 = Release|x64
		Release|x86 = Release|x86
	EndGlobalSection
	GlobalSection(ProjectConfigurationPlatforms) = postSolution
		{32D36160-5380-4647-8255-F95271E759A3}.Debug|Any CPU.ActiveCfg = Debug|Any CPU
		{32D36160-5380-4647-8255-F95271E759A3}.Debug|Any CPU.Build.0 = Debug|Any CPU
		{32D36160-5380-4647-8255-F95271E759A3}.Debug|x64.ActiveCfg = Debug|Any CPU
		{32D36160-5380-4647-8255-F95271E759A3}.Debug|x64.Build.0 = Debug|Any CPU
		{32D36160-5380-4647-8255-F95271E759A3}.Debug|x86.ActiveCfg = Debug|Any CPU
		{32D36160-5380-4647-8255-F95271E759A3}.Debug|x86.Build.0 = Debug|Any CPU
		{32D36160-5380-4647-8255-F95271E759A3}.Release|Any CPU.ActiveCfg = Release|Any CPU
		{32D36160-5380-4647-8255-F95271E759A3}.Release|Any CPU.Build.0 = Release|Any CPU
		{32D36160-5380-4647-8255-F95271E759A3}.Release|x64.ActiveCfg = Release|Any CPU
		{32D36160-5380-4647-8255-F95271E759A3}.Release|x64.Build.0 = Release|Any CPU
		{32D36160-5380-4647-8255-F95271E759A3}.Release|x86.ActiveCfg = Release|Any CPU
		{32D36160-5380-4647-8255-F95271E759A3}.Release|x86.Build.0 = Release|Any CPU
		{6059FC04-FCD5-4F24-8B4B-21010790F283}.Debug|Any CPU.ActiveCfg = Debug|Any CPU
		{6059FC04-FCD5-4F24-8B4B-21010790F283}.Debug|Any CPU.Build.0 = Debug|Any CPU
		{6059FC04-FCD5-4F24-8B4B-21010790F283}.Debug|x64.ActiveCfg = Debug|Any CPU
		{6059FC04-FCD5-4F24-8B4B-21010790F283}.Debug|x64.Build.0 = Debug|Any CPU
		{6059FC04-FCD5-4F24-8B4B-21010790F283}.Debug|x86.ActiveCfg = Debug|Any CPU
		{6059FC04-FCD5-4F24-8B4B-21010790F283}.Debug|x86.Build.0 = Debug|Any CPU
		{6059FC04-FCD5-4F24-8B4B-21010790F283}.Release|Any CPU.ActiveCfg = Release|Any CPU
		{6059FC04-FCD5-4F24-8B4B-21010790F283}.Release|Any CPU.Build.0 = Release|Any CPU
		{6059FC04-FCD5-4F24-8B4B-21010790F283}.Release|x64.ActiveCfg = Release|Any CPU
		{6059FC04-FCD5-4F24-8B4B-21010790F283}.Release|x64.Build.0 = Release|Any CPU
		{6059FC04-FCD5-4F24-8B4B-21010790F283}.Release|x86.ActiveCfg = Release|Any CPU
		{6059FC04-FCD5-4F24-8B4B-21010790F283}.Release|x86.Build.0 = Release|Any CPU
		{B1F302A0-54C9-4B5D-9E18-1B8C1822DF93}.Debug|Any CPU.ActiveCfg = Debug|Any CPU
		{B1F302A0-54C9-4B5D-9E18-1B8C1822DF93}.Debug|Any CPU.Build.0 = Debug|Any CPU
		{B1F302A0-54C9-4B5D-9E18-1B8C1822DF93}.Debug|x64.ActiveCfg = Debug|Any CPU
		{B1F302A0-54C9-4B5D-9E18-1B8C1822DF93}.Debug|x64.Build.0 = Debug|Any CPU
		{B1F302A0-54C9-4B5D-9E18-1B8C1822DF93}.Debug|x86.ActiveCfg = Debug|Any CPU
		{B1F302A0-54C9-4B5D-9E18-1B8C1822DF93}.Debug|x86.Build.0 = Debug|Any CPU
		{B1F302A0-54C9-4B5D-9E18-1B8C1822DF93}.Release|Any CPU.ActiveCfg = Release|Any CPU
		{B1F302A0-54C9-4B5D-9E18-1B8C1822DF93}.Release|Any CPU.Build.0 = Release|Any CPU
		{B1F302A0-54C9-4B5D-9E18-1B8C1822DF93}.Release|x64.ActiveCfg = Release|Any CPU
		{B1F302A0-54C9-4B5D-9E18-1B8C1822DF93}.Release|x64.Build.0 = Release|Any CPU
		{B1F302A0-54C9-4B5D-9E18-1B8C1822DF93}.Release|x86.ActiveCfg = Release|Any CPU
		{B1F302A0-54C9-4B5D-9E18-1B8C1822DF93}.Release|x86.Build.0 = Release|Any CPU
		{07737178-C3D3-4689-A9B7-616FD76A639B}.Debug|Any CPU.ActiveCfg = Debug|Any CPU
		{07737178-C3D3-4689-A9B7-616FD76A639B}.Debug|Any CPU.Build.0 = Debug|Any CPU
		{07737178-C3D3-4689-A9B7-616FD76A639B}.Debug|x64.ActiveCfg = Debug|Any CPU
		{07737178-C3D3-4689-A9B7-616FD76A639B}.Debug|x64.Build.0 = Debug|Any CPU
		{07737178-C3D3-4689-A9B7-616FD76A639B}.Debug|x86.ActiveCfg = Debug|Any CPU
		{07737178-C3D3-4689-A9B7-616FD76A639B}.Debug|x86.Build.0 = Debug|Any CPU
		{07737178-C3D3-4689-A9B7-616FD76A639B}.Release|Any CPU.ActiveCfg = Release|Any CPU
		{07737178-C3D3-4689-A9B7-616FD76A639B}.Release|Any CPU.Build.0 = Release|Any CPU
		{07737178-C3D3-4689-A9B7-616FD76A639B}.Release|x64.ActiveCfg = Release|Any CPU
		{07737178-C3D3-4689-A9B7-616FD76A639B}.Release|x64.Build.0 = Release|Any CPU
		{07737178-C3D3-4689-A9B7-616FD76A639B}.Release|x86.ActiveCfg = Release|Any CPU
		{07737178-C3D3-4689-A9B7-616FD76A639B}.Release|x86.Build.0 = Release|Any CPU
		{B2D1EACB-F98B-4FF9-9BAD-575498072B91}.Debug|Any CPU.ActiveCfg = Debug|Any CPU
		{B2D1EACB-F98B-4FF9-9BAD-575498072B91}.Debug|Any CPU.Build.0 = Debug|Any CPU
		{B2D1EACB-F98B-4FF9-9BAD-575498072B91}.Debug|x64.ActiveCfg = Debug|Any CPU
		{B2D1EACB-F98B-4FF9-9BAD-575498072B91}.Debug|x64.Build.0 = Debug|Any CPU
		{B2D1EACB-F98B-4FF9-9BAD-575498072B91}.Debug|x86.ActiveCfg = Debug|Any CPU
		{B2D1EACB-F98B-4FF9-9BAD-575498072B91}.Debug|x86.Build.0 = Debug|Any CPU
		{B2D1EACB-F98B-4FF9-9BAD-575498072B91}.Release|Any CPU.ActiveCfg = Release|Any CPU
		{B2D1EACB-F98B-4FF9-9BAD-575498072B91}.Release|Any CPU.Build.0 = Release|Any CPU
		{B2D1EACB-F98B-4FF9-9BAD-575498072B91}.Release|x64.ActiveCfg = Release|Any CPU
		{B2D1EACB-F98B-4FF9-9BAD-575498072B91}.Release|x64.Build.0 = Release|Any CPU
		{B2D1EACB-F98B-4FF9-9BAD-575498072B91}.Release|x86.ActiveCfg = Release|Any CPU
		{B2D1EACB-F98B-4FF9-9BAD-575498072B91}.Release|x86.Build.0 = Release|Any CPU
	EndGlobalSection
	GlobalSection(SolutionProperties) = preSolution
		HideSolutionNode = FALSE
	EndGlobalSection
	GlobalSection(ExtensibilityGlobals) = postSolution
		SolutionGuid = {A8E99784-52A1-4A41-B260-19BA68813DC9}
	EndGlobalSection
EndGlobal
